{
    "version": 3,
    "terraform_version": "0.7.13",
    "serial": 2,
    "lineage": "fbeb1f46-47d4-4535-a4e2-7969523d5b1e",
    "modules": [
        {
            "path": [
                "root"
            ],
            "outputs": {
                "docker_registry_instance_fqdn": {
                    "sensitive": false,
                    "type": "string",
                    "value": "docker-registry2.aws-halcyon-infra.net"
                },
                "docker_registry_public_ip": {
                    "sensitive": false,
                    "type": "string",
                    "value": "34.202.52.43"
                }
            },
            "resources": {},
            "depends_on": []
        },
        {
            "path": [
                "root",
                "ec2"
            ],
            "outputs": {
                "ec2_id": {
                    "sensitive": false,
                    "type": "string",
                    "value": "i-023f65081f15aa482"
                },
                "ec2_public_ip": {
                    "sensitive": false,
                    "type": "string",
                    "value": "34.202.52.43"
                }
            },
            "resources": {
                "aws_eip.default": {
                    "type": "aws_eip",
                    "depends_on": [
                        "aws_instance.ec2"
                    ],
                    "primary": {
                        "id": "eipalloc-46570777",
                        "attributes": {
                            "association_id": "eipassoc-9ebffeae",
                            "domain": "vpc",
                            "id": "eipalloc-46570777",
                            "instance": "i-023f65081f15aa482",
                            "network_interface": "eni-58f7bcaf",
                            "private_ip": "10.10.1.109",
                            "public_ip": "34.202.52.43",
                            "vpc": "true"
                        },
                        "meta": {},
                        "tainted": false
                    },
                    "deposed": [],
                    "provider": ""
                },
                "aws_instance.ec2": {
                    "type": "aws_instance",
                    "depends_on": [],
                    "primary": {
                        "id": "i-023f65081f15aa482",
                        "attributes": {
                            "ami": "ami-1a0aba0c",
                            "associate_public_ip_address": "false",
                            "availability_zone": "us-east-1a",
                            "disable_api_termination": "false",
                            "ebs_block_device.#": "0",
                            "ebs_optimized": "false",
                            "ephemeral_block_device.#": "0",
                            "iam_instance_profile": "",
                            "id": "i-023f65081f15aa482",
                            "instance_state": "running",
                            "instance_type": "t2.micro",
                            "key_name": "nb-keypair-02",
                            "monitoring": "false",
                            "network_interface_id": "eni-58f7bcaf",
                            "private_dns": "ip-10-10-1-109.ec2.internal",
                            "private_ip": "10.10.1.109",
                            "public_dns": "",
                            "public_ip": "",
                            "root_block_device.#": "1",
                            "root_block_device.0.delete_on_termination": "true",
                            "root_block_device.0.iops": "100",
                            "root_block_device.0.volume_size": "8",
                            "root_block_device.0.volume_type": "gp2",
                            "security_groups.#": "0",
                            "source_dest_check": "true",
                            "subnet_id": "subnet-94d1f3b9",
                            "tags.%": "3",
                            "tags.Name": "Docker Registry-testing-01",
                            "tags.environment": "testing",
                            "tags.server_role": "docker-registry",
                            "tenancy": "default",
                            "user_data": "395f26c308c71c161a05bf852e4b06f204836cf9",
                            "vpc_security_group_ids.#": "1",
                            "vpc_security_group_ids.297099672": "sg-cf2a2bb3"
                        },
                        "meta": {
                            "schema_version": "1"
                        },
                        "tainted": false
                    },
                    "deposed": [],
                    "provider": ""
                }
            },
            "depends_on": []
        },
        {
            "path": [
                "root",
                "route53simple"
            ],
            "outputs": {
                "instance_fqdn": {
                    "sensitive": false,
                    "type": "string",
                    "value": "docker-registry2.aws-halcyon-infra.net"
                }
            },
            "resources": {
                "aws_route53_record.main": {
                    "type": "aws_route53_record",
                    "depends_on": [],
                    "primary": {
                        "id": "ZXDO38WX4GN6I_docker-registry2.aws-halcyon-infra.net_A",
                        "attributes": {
                            "fqdn": "docker-registry2.aws-halcyon-infra.net",
                            "health_check_id": "",
                            "id": "ZXDO38WX4GN6I_docker-registry2.aws-halcyon-infra.net_A",
                            "name": "docker-registry2.aws-halcyon-infra.net",
                            "records.#": "1",
                            "records.1407171749": "34.202.52.43",
                            "set_identifier": "",
                            "ttl": "300",
                            "type": "A",
                            "zone_id": "ZXDO38WX4GN6I"
                        },
                        "meta": {
                            "schema_version": "2"
                        },
                        "tainted": false
                    },
                    "deposed": [],
                    "provider": ""
                }
            },
            "depends_on": []
        }
    ]
}
